// !$*UTF8*$!
{
	archiveVersion = 1;
	classes = {
	};
	objectVersion = 50;
	objects = {

/* Begin PBXBuildFile section */
		C07AB9B025E99EBE00DE64E3 /* SettingsViewController.swift in Sources */ = {isa = PBXBuildFile; fileRef = C07AB9AF25E99EBE00DE64E3 /* SettingsViewController.swift */; };
		C08A998025E976D300E3F61C /* DMSans-Regular.ttf in Resources */ = {isa = PBXBuildFile; fileRef = C08A997925E976D300E3F61C /* DMSans-Regular.ttf */; };
		C08A998125E976D300E3F61C /* DMSans-Medium.ttf in Resources */ = {isa = PBXBuildFile; fileRef = C08A997A25E976D300E3F61C /* DMSans-Medium.ttf */; };
		C08A998225E976D300E3F61C /* DMSans-Bold.ttf in Resources */ = {isa = PBXBuildFile; fileRef = C08A997B25E976D300E3F61C /* DMSans-Bold.ttf */; };
		C08A998325E976D300E3F61C /* DMSans-BoldItalic.ttf in Resources */ = {isa = PBXBuildFile; fileRef = C08A997C25E976D300E3F61C /* DMSans-BoldItalic.ttf */; };
		C08A998425E976D300E3F61C /* OFL.txt in Resources */ = {isa = PBXBuildFile; fileRef = C08A997D25E976D300E3F61C /* OFL.txt */; };
		C08A998525E976D300E3F61C /* DMSans-MediumItalic.ttf in Resources */ = {isa = PBXBuildFile; fileRef = C08A997E25E976D300E3F61C /* DMSans-MediumItalic.ttf */; };
		C08A998625E976D300E3F61C /* DMSans-Italic.ttf in Resources */ = {isa = PBXBuildFile; fileRef = C08A997F25E976D300E3F61C /* DMSans-Italic.ttf */; };
		C0E7884125BA2CF500FBCEAB /* AppDelegate.swift in Sources */ = {isa = PBXBuildFile; fileRef = C0E7884025BA2CF500FBCEAB /* AppDelegate.swift */; };
		C0E7884325BA2CF500FBCEAB /* SceneDelegate.swift in Sources */ = {isa = PBXBuildFile; fileRef = C0E7884225BA2CF500FBCEAB /* SceneDelegate.swift */; };
		C0E7884525BA2CF500FBCEAB /* ViewController.swift in Sources */ = {isa = PBXBuildFile; fileRef = C0E7884425BA2CF500FBCEAB /* ViewController.swift */; };
		C0E7884825BA2CF500FBCEAB /* Main.storyboard in Resources */ = {isa = PBXBuildFile; fileRef = C0E7884625BA2CF500FBCEAB /* Main.storyboard */; };
		C0E7884A25BA2CFA00FBCEAB /* Assets.xcassets in Resources */ = {isa = PBXBuildFile; fileRef = C0E7884925BA2CFA00FBCEAB /* Assets.xcassets */; };
		C0E7884D25BA2CFA00FBCEAB /* LaunchScreen.storyboard in Resources */ = {isa = PBXBuildFile; fileRef = C0E7884B25BA2CFA00FBCEAB /* LaunchScreen.storyboard */; };
/* End PBXBuildFile section */

/* Begin PBXFileReference section */
		C07AB9AF25E99EBE00DE64E3 /* SettingsViewController.swift */ = {isa = PBXFileReference; lastKnownFileType = sourcecode.swift; path = SettingsViewController.swift; sourceTree = "<group>"; };
		C08A997925E976D300E3F61C /* DMSans-Regular.ttf */ = {isa = PBXFileReference; lastKnownFileType = file; path = "DMSans-Regular.ttf"; sourceTree = "<group>"; };
		C08A997A25E976D300E3F61C /* DMSans-Medium.ttf */ = {isa = PBXFileReference; lastKnownFileType = file; path = "DMSans-Medium.ttf"; sourceTree = "<group>"; };
		C08A997B25E976D300E3F61C /* DMSans-Bold.ttf */ = {isa = PBXFileReference; lastKnownFileType = file; path = "DMSans-Bold.ttf"; sourceTree = "<group>"; };
		C08A997C25E976D300E3F61C /* DMSans-BoldItalic.ttf */ = {isa = PBXFileReference; lastKnownFileType = file; path = "DMSans-BoldItalic.ttf"; sourceTree = "<group>"; };
		C08A997D25E976D300E3F61C /* OFL.txt */ = {isa = PBXFileReference; fileEncoding = 4; lastKnownFileType = text; path = OFL.txt; sourceTree = "<group>"; };
		C08A997E25E976D300E3F61C /* DMSans-MediumItalic.ttf */ = {isa = PBXFileReference; lastKnownFileType = file; path = "DMSans-MediumItalic.ttf"; sourceTree = "<group>"; };
		C08A997F25E976D300E3F61C /* DMSans-Italic.ttf */ = {isa = PBXFileReference; lastKnownFileType = file; path = "DMSans-Italic.ttf"; sourceTree = "<group>"; };
		C0E7883D25BA2CF500FBCEAB /* idm362-al3376.app */ = {isa = PBXFileReference; explicitFileType = wrapper.application; includeInIndex = 0; path = "idm362-al3376.app"; sourceTree = BUILT_PRODUCTS_DIR; };
		C0E7884025BA2CF500FBCEAB /* AppDelegate.swift */ = {isa = PBXFileReference; lastKnownFileType = sourcecode.swift; path = AppDelegate.swift; sourceTree = "<group>"; };
		C0E7884225BA2CF500FBCEAB /* SceneDelegate.swift */ = {isa = PBXFileReference; lastKnownFileType = sourcecode.swift; path = SceneDelegate.swift; sourceTree = "<group>"; };
		C0E7884425BA2CF500FBCEAB /* ViewController.swift */ = {isa = PBXFileReference; lastKnownFileType = sourcecode.swift; path = ViewController.swift; sourceTree = "<group>"; };
		C0E7884725BA2CF500FBCEAB /* Base */ = {isa = PBXFileReference; lastKnownFileType = file.storyboard; name = Base; path = Base.lproj/Main.storyboard; sourceTree = "<group>"; };
		C0E7884925BA2CFA00FBCEAB /* Assets.xcassets */ = {isa = PBXFileReference; lastKnownFileType = folder.assetcatalog; path = Assets.xcassets; sourceTree = "<group>"; };
		C0E7884C25BA2CFA00FBCEAB /* Base */ = {isa = PBXFileReference; lastKnownFileType = file.storyboard; name = Base; path = Base.lproj/LaunchScreen.storyboard; sourceTree = "<group>"; };
		C0E7884E25BA2CFA00FBCEAB /* Info.plist */ = {isa = PBXFileReference; lastKnownFileType = text.plist.xml; path = Info.plist; sourceTree = "<group>"; };
/* End PBXFileReference section */

/* Begin PBXFrameworksBuildPhase section */
		C0E7883A25BA2CF500FBCEAB /* Frameworks */ = {
			isa = PBXFrameworksBuildPhase;
			buildActionMask = 2147483647;
			files = (
			);
			runOnlyForDeploymentPostprocessing = 0;
		};
/* End PBXFrameworksBuildPhase section */

/* Begin PBXGroup section */
		C08A997825E976D300E3F61C /* DM_Sans */ = {
			isa = PBXGroup;
			children = (
				C08A997925E976D300E3F61C /* DMSans-Regular.ttf */,
				C08A997A25E976D300E3F61C /* DMSans-Medium.ttf */,
				C08A997B25E976D300E3F61C /* DMSans-Bold.ttf */,
				C08A997C25E976D300E3F61C /* DMSans-BoldItalic.ttf */,
				C08A997D25E976D300E3F61C /* OFL.txt */,
				C08A997E25E976D300E3F61C /* DMSans-MediumItalic.ttf */,
				C08A997F25E976D300E3F61C /* DMSans-Italic.ttf */,
			);
			path = DM_Sans;
			sourceTree = "<group>";
		};
		C0E7883425BA2CF500FBCEAB = {
			isa = PBXGroup;
			children = (
				C0E7883F25BA2CF500FBCEAB /* idm362-al3376 */,
				C0E7883E25BA2CF500FBCEAB /* Products */,
				C08A997825E976D300E3F61C /* DM_Sans */,
			);
			sourceTree = "<group>";
		};
		C0E7883E25BA2CF500FBCEAB /* Products */ = {
			isa = PBXGroup;
			children = (
				C0E7883D25BA2CF500FBCEAB /* idm362-al3376.app */,
			);
			name = Products;
			sourceTree = "<group>";
		};
		C0E7883F25BA2CF500FBCEAB /* idm362-al3376 */ = {
			isa = PBXGroup;
			children = (
				C0E7884025BA2CF500FBCEAB /* AppDelegate.swift */,
				C0E7884225BA2CF500FBCEAB /* SceneDelegate.swift */,
				C0E7884425BA2CF500FBCEAB /* ViewController.swift */,
				C0E7884625BA2CF500FBCEAB /* Main.storyboard */,
				C07AB9AF25E99EBE00DE64E3 /* SettingsViewController.swift */,
				C0E7884925BA2CFA00FBCEAB /* Assets.xcassets */,
				C0E7884B25BA2CFA00FBCEAB /* LaunchScreen.storyboard */,
				C0E7884E25BA2CFA00FBCEAB /* Info.plist */,
			);
			path = "idm362-al3376";
			sourceTree = "<group>";
		};
/* End PBXGroup section */

/* Begin PBXNativeTarget section */
		C0E7883C25BA2CF500FBCEAB /* idm362-al3376 */ = {
			isa = PBXNativeTarget;
			buildConfigurationList = C0E7885125BA2CFA00FBCEAB /* Build configuration list for PBXNativeTarget "idm362-al3376" */;
			buildPhases = (
				C0E7883925BA2CF500FBCEAB /* Sources */,
				C0E7883A25BA2CF500FBCEAB /* Frameworks */,
				C0E7883B25BA2CF500FBCEAB /* Resources */,
			);
			buildRules = (
			);
			dependencies = (
			);
			name = "idm362-al3376";
			productName = "idm362-al3376";
			productReference = C0E7883D25BA2CF500FBCEAB /* idm362-al3376.app */;
			productType = "com.apple.product-type.application";
		};
/* End PBXNativeTarget section */

/* Begin PBXProject section */
		C0E7883525BA2CF500FBCEAB /* Project object */ = {
			isa = PBXProject;
			attributes = {
				LastSwiftUpdateCheck = 1230;
				LastUpgradeCheck = 1230;
				TargetAttributes = {
					C0E7883C25BA2CF500FBCEAB = {
						CreatedOnToolsVersion = 12.3;
					};
				};
			};
			buildConfigurationList = C0E7883825BA2CF500FBCEAB /* Build configuration list for PBXProject "idm362-al3376" */;
			compatibilityVersion = "Xcode 9.3";
			developmentRegion = en;
			hasScannedForEncodings = 0;
			knownRegions = (
				en,
				Base,
			);
			mainGroup = C0E7883425BA2CF500FBCEAB;
			productRefGroup = C0E7883E25BA2CF500FBCEAB /* Products */;
			projectDirPath = "";
			projectRoot = "";
			targets = (
				C0E7883C25BA2CF500FBCEAB /* idm362-al3376 */,
			);
		};
/* End PBXProject section */

/* Begin PBXResourcesBuildPhase section */
		C0E7883B25BA2CF500FBCEAB /* Resources */ = {
			isa = PBXResourcesBuildPhase;
			buildActionMask = 2147483647;
			files = (
				C08A998125E976D300E3F61C /* DMSans-Medium.ttf in Resources */,
				C08A998225E976D300E3F61C /* DMSans-Bold.ttf in Resources */,
				C08A998625E976D300E3F61C /* DMSans-Italic.ttf in Resources */,
				C08A998325E976D300E3F61C /* DMSans-BoldItalic.ttf in Resources */,
				C08A998525E976D300E3F61C /* DMSans-MediumItalic.ttf in Resources */,
				C0E7884D25BA2CFA00FBCEAB /* LaunchScreen.storyboard in Resources */,
				C0E7884A25BA2CFA00FBCEAB /* Assets.xcassets in Resources */,
				C0E7884825BA2CF500FBCEAB /* Main.storyboard in Resources */,
				C08A998425E976D300E3F61C /* OFL.txt in Resources */,
				C08A998025E976D300E3F61C /* DMSans-Regular.ttf in Resources */,
			);
			runOnlyForDeploymentPostprocessing = 0;
		};
/* End PBXResourcesBuildPhase section */

/* Begin PBXSourcesBuildPhase section */
		C0E7883925BA2CF500FBCEAB /* Sources */ = {
			isa = PBXSourcesBuildPhase;
			buildActionMask = 2147483647;
			files = (
				C0E7884525BA2CF500FBCEAB /* ViewController.swift in Sources */,
				C0E7884125BA2CF500FBCEAB /* AppDelegate.swift in Sources */,
				C0E7884325BA2CF500FBCEAB /* SceneDelegate.swift in Sources */,
				C07AB9B025E99EBE00DE64E3 /* SettingsViewController.swift in Sources */,
			);
			runOnlyForDeploymentPostprocessing = 0;
		};
/* End PBXSourcesBuildPhase section */

/* Begin PBXVariantGroup section */
		C0E7884625BA2CF500FBCEAB /* Main.storyboard */ = {
			isa = PBXVariantGroup;
			children = (
				C0E7884725BA2CF500FBCEAB /* Base */,
			);
			name = Main.storyboard;
			sourceTree = "<group>";
		};
		C0E7884B25BA2CFA00FBCEAB /* LaunchScreen.storyboard */ = {
			isa = PBXVariantGroup;
			children = (
				C0E7884C25BA2CFA00FBCEAB /* Base */,
			);
			name = LaunchScreen.storyboard;
			sourceTree = "<group>";
		};
/* End PBXVariantGroup section */

/* Begin XCBuildConfiguration section */
		C0E7884F25BA2CFA00FBCEAB /* Debug */ = {
			isa = XCBuildConfiguration;
			buildSettings = {
				ALWAYS_SEARCH_USER_PATHS = NO;
				CLANG_ANALYZER_NONNULL = YES;
				CLANG_ANALYZER_NUMBER_OBJECT_CONVERSION = YES_AGGRESSIVE;
				CLANG_CXX_LANGUAGE_STANDARD = "gnu++14";
				CLANG_CXX_LIBRARY = "libc++";
				CLANG_ENABLE_MODULES = YES;
				CLANG_ENABLE_OBJC_ARC = YES;
				CLANG_ENABLE_OBJC_WEAK = YES;
				CLANG_WARN_BLOCK_CAPTURE_AUTORELEASING = YES;
				CLANG_WARN_BOOL_CONVERSION = YES;
				CLANG_WARN_COMMA = YES;
				CLANG_WARN_CONSTANT_CONVERSION = YES;
				CLANG_WARN_DEPRECATED_OBJC_IMPLEMENTATIONS = YES;
				CLANG_WARN_DIRECT_OBJC_ISA_USAGE = YES_ERROR;
				CLANG_WARN_DOCUMENTATION_COMMENTS = YES;
				CLANG_WARN_EMPTY_BODY = YES;
				CLANG_WARN_ENUM_CONVERSION = YES;
				CLANG_WARN_INFINITE_RECURSION = YES;
				CLANG_WARN_INT_CONVERSION = YES;
				CLANG_WARN_NON_LITERAL_NULL_CONVERSION = YES;
				CLANG_WARN_OBJC_IMPLICIT_RETAIN_SELF = YES;
				CLANG_WARN_OBJC_LITERAL_CONVERSION = YES;
				CLANG_WARN_OBJC_ROOT_CLASS = YES_ERROR;
				CLANG_WARN_QUOTED_INCLUDE_IN_FRAMEWORK_HEADER = YES;
				CLANG_WARN_RANGE_LOOP_ANALYSIS = YES;
				CLANG_WARN_STRICT_PROTOTYPES = YES;
				CLANG_WARN_SUSPICIOUS_MOVE = YES;
				CLANG_WARN_UNGUARDED_AVAILABILITY = YES_AGGRESSIVE;
				CLANG_WARN_UNREACHABLE_CODE = YES;
				CLANG_WARN__DUPLICATE_METHOD_MATCH = YES;
				COPY_PHASE_STRIP = NO;
				DEBUG_INFORMATION_FORMAT = dwarf;
				ENABLE_STRICT_OBJC_MSGSEND = YES;
				ENABLE_TESTABILITY = YES;
				GCC_C_LANGUAGE_STANDARD = gnu11;
				GCC_DYNAMIC_NO_PIC = NO;
				GCC_NO_COMMON_BLOCKS = YES;
				GCC_OPTIMIZATION_LEVEL = 0;
				GCC_PREPROCESSOR_DEFINITIONS = (
					"DEBUG=1",
					"$(inherited)",
				);
				GCC_WARN_64_TO_32_BIT_CONVERSION = YES;
				GCC_WARN_ABOUT_RETURN_TYPE = YES_ERROR;
				GCC_WARN_UNDECLARED_SELECTOR = YES;
				GCC_WARN_UNINITIALIZED_AUTOS = YES_AGGRESSIVE;
				GCC_WARN_UNUSED_FUNCTION = YES;
				GCC_WARN_UNUSED_VARIABLE = YES;
				IPHONEOS_DEPLOYMENT_TARGET = 14.3;
				MTL_ENABLE_DEBUG_INFO = INCLUDE_SOURCE;
				MTL_FAST_MATH = YES;
				ONLY_ACTIVE_ARCH = YES;
				SDKROOT = iphoneos;
				SWIFT_ACTIVE_COMPILATION_CONDITIONS = DEBUG;
				SWIFT_OPTIMIZATION_LEVEL = "-Onone";
			};
			name = Debug;
		};
		C0E7885025BA2CFA00FBCEAB /* Release */ = {
			isa = XCBuildConfiguration;
			buildSettings = {
				ALWAYS_SEARCH_USER_PATHS = NO;
				CLANG_ANALYZER_NONNULL = YES;
				CLANG_ANALYZER_NUMBER_OBJECT_CONVERSION = YES_AGGRESSIVE;
				CLANG_CXX_LANGUAGE_STANDARD = "gnu++14";
				CLANG_CXX_LIBRARY = "libc++";
				CLANG_ENABLE_MODULES = YES;
				CLANG_ENABLE_OBJC_ARC = YES;
				CLANG_ENABLE_OBJC_WEAK = YES;
				CLANG_WARN_BLOCK_CAPTURE_AUTORELEASING = YES;
				CLANG_WARN_BOOL_CONVERSION = YES;
				CLANG_WARN_COMMA = YES;
				CLANG_WARN_CONSTANT_CONVERSION = YES;
				CLANG_WARN_DEPRECATED_OBJC_IMPLEMENTATIONS = YES;
				CLANG_WARN_DIRECT_OBJC_ISA_USAGE = YES_ERROR;
				CLANG_WARN_DOCUMENTATION_COMMENTS = YES;
				CLANG_WARN_EMPTY_BODY = YES;
				CLANG_WARN_ENUM_CONVERSION = YES;
				CLANG_WARN_INFINITE_RECURSION = YES;
				CLANG_WARN_INT_CONVERSION = YES;
				CLANG_WARN_NON_LITERAL_NULL_CONVERSION = YES;
				CLANG_WARN_OBJC_IMPLICIT_RETAIN_SELF = YES;
				CLANG_WARN_OBJC_LITERAL_CONVERSION = YES;
				CLANG_WARN_OBJC_ROOT_CLASS = YES_ERROR;
				CLANG_WARN_QUOTED_INCLUDE_IN_FRAMEWORK_HEADER = YES;
				CLANG_WARN_RANGE_LOOP_ANALYSIS = YES;
				CLANG_WARN_STRICT_PROTOTYPES = YES;
				CLANG_WARN_SUSPICIOUS_MOVE = YES;
				CLANG_WARN_UNGUARDED_AVAILABILITY = YES_AGGRESSIVE;
				CLANG_WARN_UNREACHABLE_CODE = YES;
				CLANG_WARN__DUPLICATE_METHOD_MATCH = YES;
				COPY_PHASE_STRIP = NO;
				DEBUG_INFORMATION_FORMAT = "dwarf-with-dsym";
				ENABLE_NS_ASSERTIONS = NO;
				ENABLE_STRICT_OBJC_MSGSEND = YES;
				GCC_C_LANGUAGE_STANDARD = gnu11;
				GCC_NO_COMMON_BLOCKS = YES;
				GCC_WARN_64_TO_32_BIT_CONVERSION = YES;
				GCC_WARN_ABOUT_RETURN_TYPE = YES_ERROR;
				GCC_WARN_UNDECLARED_SELECTOR = YES;
				GCC_WARN_UNINITIALIZED_AUTOS = YES_AGGRESSIVE;
				GCC_WARN_UNUSED_FUNCTION = YES;
				GCC_WARN_UNUSED_VARIABLE = YES;
				IPHONEOS_DEPLOYMENT_TARGET = 14.3;
				MTL_ENABLE_DEBUG_INFO = NO;
				MTL_FAST_MATH = YES;
				SDKROOT = iphoneos;
				SWIFT_COMPILATION_MODE = wholemodule;
				SWIFT_OPTIMIZATION_LEVEL = "-O";
				VALIDATE_PRODUCT = YES;
			};
			name = Release;
		};
		C0E7885225BA2CFA00FBCEAB /* Debug */ = {
			isa = XCBuildConfiguration;
			buildSettings = {
				ASSETCATALOG_COMPILER_APPICON_NAME = AppIcon;
				ASSETCATALOG_COMPILER_GLOBAL_ACCENT_COLOR_NAME = AccentColor;
				CODE_SIGN_STYLE = Automatic;
				DEVELOPMENT_TEAM = F5NWXUTJVZ;
				INFOPLIST_FILE = "idm362-al3376/Info.plist";
				LD_RUNPATH_SEARCH_PATHS = (
					"$(inherited)",
					"@executable_path/Frameworks",
				);
				PRODUCT_BUNDLE_IDENTIFIER = "com.annaleong.idm362-al3376";
				PRODUCT_NAME = "$(TARGET_NAME)";
				SWIFT_VERSION = 5.0;
				TARGETED_DEVICE_FAMILY = "1,2";
			};
			name = Debug;
		};
		C0E7885325BA2CFA00FBCEAB /* Release */ = {
			isa = XCBuildConfiguration;
			buildSettings = {
				ASSETCATALOG_COMPILER_APPICON_NAME = AppIcon;
				ASSETCATALOG_COMPILER_GLOBAL_ACCENT_COLOR_NAME = AccentColor;
				CODE_SIGN_STYLE = Automatic;
				DEVELOPMENT_TEAM = F5NWXUTJVZ;
				INFOPLIST_FILE = "idm362-al3376/Info.plist";
				LD_RUNPATH_SEARCH_PATHS = (
					"$(inherited)",
					"@executable_path/Frameworks",
				);
				PRODUCT_BUNDLE_IDENTIFIER = "com.annaleong.idm362-al3376";
				PRODUCT_NAME = "$(TARGET_NAME)";
				SWIFT_VERSION = 5.0;
				TARGETED_DEVICE_FAMILY = "1,2";
			};
			name = Release;
		};
/* End XCBuildConfiguration section */

/* Begin XCConfigurationList section */
		C0E7883825BA2CF500FBCEAB /* Build configuration list for PBXProject "idm362-al3376" */ = {
			isa = XCConfigurationList;
			buildConfigurations = (
				C0E7884F25BA2CFA00FBCEAB /* Debug */,
				C0E7885025BA2CFA00FBCEAB /* Release */,
			);
			defaultConfigurationIsVisible = 0;
			defaultConfigurationName = Release;
		};
		C0E7885125BA2CFA00FBCEAB /* Build configuration list for PBXNativeTarget "idm362-al3376" */ = {
			isa = XCConfigurationList;
			buildConfigurations = (
				C0E7885225BA2CFA00FBCEAB /* Debug */,
				C0E7885325BA2CFA00FBCEAB /* Release */,
			);
			defaultConfigurationIsVisible = 0;
			defaultConfigurationName = Release;
		};
/* End XCConfigurationList section */
	};
	rootObject = C0E7883525BA2CF500FBCEAB /* Project object */;
}
